// !$*UTF8*$!
{
	archiveVersion = 1;
	classes = {
	};
	objectVersion = 46;
	objects = {

/* Begin PBXBuildFile section */
		3D3355481DB6397000BC0946 /* AppDelegate.swift in Sources */ = {isa = PBXBuildFile; fileRef = 3D3355471DB6397000BC0946 /* AppDelegate.swift */; };
		3D33554D1DB6397000BC0946 /* Main.storyboard in Resources */ = {isa = PBXBuildFile; fileRef = 3D33554B1DB6397000BC0946 /* Main.storyboard */; };
		3D3355501DB6397000BC0946 /* NotesData.xcdatamodeld in Sources */ = {isa = PBXBuildFile; fileRef = 3D33554E1DB6397000BC0946 /* NotesData.xcdatamodeld */; };
		3D3355521DB6397000BC0946 /* Assets.xcassets in Resources */ = {isa = PBXBuildFile; fileRef = 3D3355511DB6397000BC0946 /* Assets.xcassets */; };
		3D3355551DB6397000BC0946 /* LaunchScreen.storyboard in Resources */ = {isa = PBXBuildFile; fileRef = 3D3355531DB6397000BC0946 /* LaunchScreen.storyboard */; };
		3D3355731DB63CFE00BC0946 /* NotesVC.swift in Sources */ = {isa = PBXBuildFile; fileRef = 3D3355721DB63CFE00BC0946 /* NotesVC.swift */; };
		3D3355751DB63D1800BC0946 /* BucketsVC.swift in Sources */ = {isa = PBXBuildFile; fileRef = 3D3355741DB63D1800BC0946 /* BucketsVC.swift */; };
		3D3355771DB63D8B00BC0946 /* NoteDetailVC.swift in Sources */ = {isa = PBXBuildFile; fileRef = 3D3355761DB63D8A00BC0946 /* NoteDetailVC.swift */; };
		3D3355821DB65AE900BC0946 /* BucketTVC.swift in Sources */ = {isa = PBXBuildFile; fileRef = 3D3355811DB65AE900BC0946 /* BucketTVC.swift */; };
		3D3355841DB65B9000BC0946 /* BucketDetailVC.swift in Sources */ = {isa = PBXBuildFile; fileRef = 3D3355831DB65B9000BC0946 /* BucketDetailVC.swift */; };
		3D33559E1DB6745900BC0946 /* Bucket+CoreDataProperties.swift in Sources */ = {isa = PBXBuildFile; fileRef = 3D33559C1DB6745900BC0946 /* Bucket+CoreDataProperties.swift */; };
		3D3355A21DB674D500BC0946 /* Bucket+CoreDataClass.swift in Sources */ = {isa = PBXBuildFile; fileRef = 3D3355A11DB674D500BC0946 /* Bucket+CoreDataClass.swift */; };
		3D3355A51DB6753700BC0946 /* Note+CoreDataClass.swift in Sources */ = {isa = PBXBuildFile; fileRef = 3D3355A31DB6753700BC0946 /* Note+CoreDataClass.swift */; };
		3D3355A61DB6753700BC0946 /* Note+CoreDataProperties.swift in Sources */ = {isa = PBXBuildFile; fileRef = 3D3355A41DB6753700BC0946 /* Note+CoreDataProperties.swift */; };
		3D4FCED91DB8AF0E007E1E0B /* BucketSelectionVC.swift in Sources */ = {isa = PBXBuildFile; fileRef = 3D4FCED81DB8AF0E007E1E0B /* BucketSelectionVC.swift */; };
		3D814AFB1DB79A99001B34B2 /* AlertManager.swift in Sources */ = {isa = PBXBuildFile; fileRef = 3D814AFA1DB79A99001B34B2 /* AlertManager.swift */; };
		3D814AFE1DB7B532001B34B2 /* NoteTVC.swift in Sources */ = {isa = PBXBuildFile; fileRef = 3D814AFD1DB7B532001B34B2 /* NoteTVC.swift */; };
		3D814B001DB7B554001B34B2 /* CoreDataError.swift in Sources */ = {isa = PBXBuildFile; fileRef = 3D814AFF1DB7B554001B34B2 /* CoreDataError.swift */; };
		3D814B021DB7B57F001B34B2 /* CoreDataManager.swift in Sources */ = {isa = PBXBuildFile; fileRef = 3D814B011DB7B57F001B34B2 /* CoreDataManager.swift */; };
/* End PBXBuildFile section */

/* Begin PBXFileReference section */
		3D3355441DB6397000BC0946 /* NotesData.app */ = {isa = PBXFileReference; explicitFileType = wrapper.application; includeInIndex = 0; path = NotesData.app; sourceTree = BUILT_PRODUCTS_DIR; };
		3D3355471DB6397000BC0946 /* AppDelegate.swift */ = {isa = PBXFileReference; lastKnownFileType = sourcecode.swift; path = AppDelegate.swift; sourceTree = "<group>"; };
		3D33554C1DB6397000BC0946 /* Base */ = {isa = PBXFileReference; lastKnownFileType = file.storyboard; name = Base; path = Base.lproj/Main.storyboard; sourceTree = "<group>"; };
		3D33554F1DB6397000BC0946 /* NotesData.xcdatamodel */ = {isa = PBXFileReference; lastKnownFileType = wrapper.xcdatamodel; path = NotesData.xcdatamodel; sourceTree = "<group>"; };
		3D3355511DB6397000BC0946 /* Assets.xcassets */ = {isa = PBXFileReference; lastKnownFileType = folder.assetcatalog; path = Assets.xcassets; sourceTree = "<group>"; };
		3D3355541DB6397000BC0946 /* Base */ = {isa = PBXFileReference; lastKnownFileType = file.storyboard; name = Base; path = Base.lproj/LaunchScreen.storyboard; sourceTree = "<group>"; };
		3D3355561DB6397000BC0946 /* Info.plist */ = {isa = PBXFileReference; lastKnownFileType = text.plist.xml; path = Info.plist; sourceTree = "<group>"; };
		3D3355721DB63CFE00BC0946 /* NotesVC.swift */ = {isa = PBXFileReference; fileEncoding = 4; lastKnownFileType = sourcecode.swift; name = NotesVC.swift; path = Controllers/NotesVC.swift; sourceTree = "<group>"; };
		3D3355741DB63D1800BC0946 /* BucketsVC.swift */ = {isa = PBXFileReference; fileEncoding = 4; lastKnownFileType = sourcecode.swift; name = BucketsVC.swift; path = Controllers/BucketsVC.swift; sourceTree = "<group>"; };
		3D3355761DB63D8A00BC0946 /* NoteDetailVC.swift */ = {isa = PBXFileReference; fileEncoding = 4; lastKnownFileType = sourcecode.swift; name = NoteDetailVC.swift; path = Controllers/NoteDetailVC.swift; sourceTree = "<group>"; };
		3D3355811DB65AE900BC0946 /* BucketTVC.swift */ = {isa = PBXFileReference; fileEncoding = 4; lastKnownFileType = sourcecode.swift; name = BucketTVC.swift; path = Cells/BucketTVC.swift; sourceTree = "<group>"; };
		3D3355831DB65B9000BC0946 /* BucketDetailVC.swift */ = {isa = PBXFileReference; fileEncoding = 4; lastKnownFileType = sourcecode.swift; name = BucketDetailVC.swift; path = Controllers/BucketDetailVC.swift; sourceTree = "<group>"; };
		3D33559C1DB6745900BC0946 /* Bucket+CoreDataProperties.swift */ = {isa = PBXFileReference; fileEncoding = 4; lastKnownFileType = sourcecode.swift; name = "Bucket+CoreDataProperties.swift"; path = "NotesData/CoreDataModels/Bucket+CoreDataProperties.swift"; sourceTree = "<group>"; };
		3D3355A11DB674D500BC0946 /* Bucket+CoreDataClass.swift */ = {isa = PBXFileReference; fileEncoding = 4; lastKnownFileType = sourcecode.swift; name = "Bucket+CoreDataClass.swift"; path = "NotesData/CoreDataModels/Bucket+CoreDataClass.swift"; sourceTree = "<group>"; };
		3D3355A31DB6753700BC0946 /* Note+CoreDataClass.swift */ = {isa = PBXFileReference; fileEncoding = 4; lastKnownFileType = sourcecode.swift; name = "Note+CoreDataClass.swift"; path = "NotesData/CoreDataModels/Note+CoreDataClass.swift"; sourceTree = "<group>"; };
		3D3355A41DB6753700BC0946 /* Note+CoreDataProperties.swift */ = {isa = PBXFileReference; fileEncoding = 4; lastKnownFileType = sourcecode.swift; name = "Note+CoreDataProperties.swift"; path = "NotesData/CoreDataModels/Note+CoreDataProperties.swift"; sourceTree = "<group>"; };
		3D4FCED81DB8AF0E007E1E0B /* BucketSelectionVC.swift */ = {isa = PBXFileReference; fileEncoding = 4; lastKnownFileType = sourcecode.swift; name = BucketSelectionVC.swift; path = Controllers/BucketSelectionVC.swift; sourceTree = "<group>"; };
		3D814AFA1DB79A99001B34B2 /* AlertManager.swift */ = {isa = PBXFileReference; fileEncoding = 4; lastKnownFileType = sourcecode.swift; name = AlertManager.swift; path = AlertManager/AlertManager.swift; sourceTree = "<group>"; };
		3D814AFD1DB7B532001B34B2 /* NoteTVC.swift */ = {isa = PBXFileReference; fileEncoding = 4; lastKnownFileType = sourcecode.swift; name = NoteTVC.swift; path = Cells/NoteTVC.swift; sourceTree = "<group>"; };
		3D814AFF1DB7B554001B34B2 /* CoreDataError.swift */ = {isa = PBXFileReference; fileEncoding = 4; lastKnownFileType = sourcecode.swift; name = CoreDataError.swift; path = Models/CoreDataError.swift; sourceTree = "<group>"; };
		3D814B011DB7B57F001B34B2 /* CoreDataManager.swift */ = {isa = PBXFileReference; fileEncoding = 4; lastKnownFileType = sourcecode.swift; name = CoreDataManager.swift; path = DataManager/CoreDataManager.swift; sourceTree = "<group>"; };
/* End PBXFileReference section */

/* Begin PBXFrameworksBuildPhase section */
		3D3355411DB6397000BC0946 /* Frameworks */ = {
			isa = PBXFrameworksBuildPhase;
			buildActionMask = 2147483647;
			files = (
			);
			runOnlyForDeploymentPostprocessing = 0;
		};
/* End PBXFrameworksBuildPhase section */

/* Begin PBXGroup section */
		3D33553B1DB6397000BC0946 = {
			isa = PBXGroup;
			children = (
				3D3355461DB6397000BC0946 /* NotesData */,
				3D3355451DB6397000BC0946 /* Products */,
			);
			sourceTree = "<group>";
		};
		3D3355451DB6397000BC0946 /* Products */ = {
			isa = PBXGroup;
			children = (
				3D3355441DB6397000BC0946 /* NotesData.app */,
			);
			name = Products;
			sourceTree = "<group>";
		};
		3D3355461DB6397000BC0946 /* NotesData */ = {
			isa = PBXGroup;
			children = (
				3D814AF91DB79A7C001B34B2 /* Helpers */,
				3D3355801DB65A9D00BC0946 /* Cells */,
				3D33557F1DB647BB00BC0946 /* Models */,
				3D3355781DB63ECC00BC0946 /* DataManager */,
				3D3355641DB63B7000BC0946 /* CoreDataModels */,
				3D3355711DB63CD800BC0946 /* Controllers */,
				3D3355471DB6397000BC0946 /* AppDelegate.swift */,
				3D33554B1DB6397000BC0946 /* Main.storyboard */,
				3D3355511DB6397000BC0946 /* Assets.xcassets */,
				3D3355531DB6397000BC0946 /* LaunchScreen.storyboard */,
				3D3355561DB6397000BC0946 /* Info.plist */,
				3D33554E1DB6397000BC0946 /* NotesData.xcdatamodeld */,
			);
			path = NotesData;
			sourceTree = "<group>";
		};
		3D3355641DB63B7000BC0946 /* CoreDataModels */ = {
			isa = PBXGroup;
			children = (
				3D3355A31DB6753700BC0946 /* Note+CoreDataClass.swift */,
				3D3355A41DB6753700BC0946 /* Note+CoreDataProperties.swift */,
				3D3355A11DB674D500BC0946 /* Bucket+CoreDataClass.swift */,
				3D33559C1DB6745900BC0946 /* Bucket+CoreDataProperties.swift */,
			);
			name = CoreDataModels;
			path = ..;
			sourceTree = "<group>";
		};
		3D3355711DB63CD800BC0946 /* Controllers */ = {
			isa = PBXGroup;
			children = (
				3D3355721DB63CFE00BC0946 /* NotesVC.swift */,
				3D3355741DB63D1800BC0946 /* BucketsVC.swift */,
				3D3355761DB63D8A00BC0946 /* NoteDetailVC.swift */,
				3D3355831DB65B9000BC0946 /* BucketDetailVC.swift */,
				3D4FCED81DB8AF0E007E1E0B /* BucketSelectionVC.swift */,
			);
			name = Controllers;
			sourceTree = "<group>";
		};
		3D3355781DB63ECC00BC0946 /* DataManager */ = {
			isa = PBXGroup;
			children = (
				3D814B011DB7B57F001B34B2 /* CoreDataManager.swift */,
			);
			name = DataManager;
			sourceTree = "<group>";
		};
		3D33557F1DB647BB00BC0946 /* Models */ = {
			isa = PBXGroup;
			children = (
				3D814AFF1DB7B554001B34B2 /* CoreDataError.swift */,
			);
			name = Models;
			sourceTree = "<group>";
		};
		3D3355801DB65A9D00BC0946 /* Cells */ = {
			isa = PBXGroup;
			children = (
				3D3355811DB65AE900BC0946 /* BucketTVC.swift */,
				3D814AFD1DB7B532001B34B2 /* NoteTVC.swift */,
			);
			name = Cells;
			sourceTree = "<group>";
		};
		3D814AF91DB79A7C001B34B2 /* Helpers */ = {
			isa = PBXGroup;
			children = (
				3D814AFA1DB79A99001B34B2 /* AlertManager.swift */,
			);
			name = Helpers;
			sourceTree = "<group>";
		};
/* End PBXGroup section */

/* Begin PBXNativeTarget section */
		3D3355431DB6397000BC0946 /* NotesData */ = {
			isa = PBXNativeTarget;
			buildConfigurationList = 3D3355591DB6397000BC0946 /* Build configuration list for PBXNativeTarget "NotesData" */;
			buildPhases = (
				3D3355401DB6397000BC0946 /* Sources */,
				3D3355411DB6397000BC0946 /* Frameworks */,
				3D3355421DB6397000BC0946 /* Resources */,
			);
			buildRules = (
			);
			dependencies = (
			);
			name = NotesData;
			productName = NotesData;
			productReference = 3D3355441DB6397000BC0946 /* NotesData.app */;
			productType = "com.apple.product-type.application";
		};
/* End PBXNativeTarget section */

/* Begin PBXProject section */
		3D33553C1DB6397000BC0946 /* Project object */ = {
			isa = PBXProject;
			attributes = {
				LastSwiftUpdateCheck = 0800;
				LastUpgradeCheck = 0800;
				ORGANIZATIONNAME = bondar.k.dev;
				TargetAttributes = {
					3D3355431DB6397000BC0946 = {
						CreatedOnToolsVersion = 8.0;
						ProvisioningStyle = Automatic;
					};
				};
			};
			buildConfigurationList = 3D33553F1DB6397000BC0946 /* Build configuration list for PBXProject "NotesData" */;
			compatibilityVersion = "Xcode 3.2";
			developmentRegion = English;
			hasScannedForEncodings = 0;
			knownRegions = (
				en,
				Base,
			);
			mainGroup = 3D33553B1DB6397000BC0946;
			productRefGroup = 3D3355451DB6397000BC0946 /* Products */;
			projectDirPath = "";
			projectRoot = "";
			targets = (
				3D3355431DB6397000BC0946 /* NotesData */,
			);
		};
/* End PBXProject section */

/* Begin PBXResourcesBuildPhase section */
		3D3355421DB6397000BC0946 /* Resources */ = {
			isa = PBXResourcesBuildPhase;
			buildActionMask = 2147483647;
			files = (
				3D3355551DB6397000BC0946 /* LaunchScreen.storyboard in Resources */,
				3D3355521DB6397000BC0946 /* Assets.xcassets in Resources */,
				3D33554D1DB6397000BC0946 /* Main.storyboard in Resources */,
			);
			runOnlyForDeploymentPostprocessing = 0;
		};
/* End PBXResourcesBuildPhase section */

/* Begin PBXSourcesBuildPhase section */
		3D3355401DB6397000BC0946 /* Sources */ = {
			isa = PBXSourcesBuildPhase;
			buildActionMask = 2147483647;
			files = (
				3D3355501DB6397000BC0946 /* NotesData.xcdatamodeld in Sources */,
				3D3355731DB63CFE00BC0946 /* NotesVC.swift in Sources */,
				3D814AFB1DB79A99001B34B2 /* AlertManager.swift in Sources */,
				3D33559E1DB6745900BC0946 /* Bucket+CoreDataProperties.swift in Sources */,
				3D3355751DB63D1800BC0946 /* BucketsVC.swift in Sources */,
				3D3355821DB65AE900BC0946 /* BucketTVC.swift in Sources */,
				3D3355841DB65B9000BC0946 /* BucketDetailVC.swift in Sources */,
				3D3355A21DB674D500BC0946 /* Bucket+CoreDataClass.swift in Sources */,
				3D3355771DB63D8B00BC0946 /* NoteDetailVC.swift in Sources */,
				3D3355A61DB6753700BC0946 /* Note+CoreDataProperties.swift in Sources */,
				3D814AFE1DB7B532001B34B2 /* NoteTVC.swift in Sources */,
				3D814B001DB7B554001B34B2 /* CoreDataError.swift in Sources */,
				3D3355481DB6397000BC0946 /* AppDelegate.swift in Sources */,
				3D3355A51DB6753700BC0946 /* Note+CoreDataClass.swift in Sources */,
				3D814B021DB7B57F001B34B2 /* CoreDataManager.swift in Sources */,
				3D4FCED91DB8AF0E007E1E0B /* BucketSelectionVC.swift in Sources */,
			);
			runOnlyForDeploymentPostprocessing = 0;
		};
/* End PBXSourcesBuildPhase section */

/* Begin PBXVariantGroup section */
		3D33554B1DB6397000BC0946 /* Main.storyboard */ = {
			isa = PBXVariantGroup;
			children = (
				3D33554C1DB6397000BC0946 /* Base */,
			);
			name = Main.storyboard;
			sourceTree = "<group>";
		};
		3D3355531DB6397000BC0946 /* LaunchScreen.storyboard */ = {
			isa = PBXVariantGroup;
			children = (
				3D3355541DB6397000BC0946 /* Base */,
			);
			name = LaunchScreen.storyboard;
			sourceTree = "<group>";
		};
/* End PBXVariantGroup section */

/* Begin XCBuildConfiguration section */
		3D3355571DB6397000BC0946 /* Debug */ = {
			isa = XCBuildConfiguration;
			buildSettings = {
				ALWAYS_SEARCH_USER_PATHS = NO;
				CLANG_ANALYZER_NONNULL = YES;
				CLANG_CXX_LANGUAGE_STANDARD = "gnu++0x";
				CLANG_CXX_LIBRARY = "libc++";
				CLANG_ENABLE_MODULES = YES;
				CLANG_ENABLE_OBJC_ARC = YES;
				CLANG_WARN_BOOL_CONVERSION = YES;
				CLANG_WARN_CONSTANT_CONVERSION = YES;
				CLANG_WARN_DIRECT_OBJC_ISA_USAGE = YES_ERROR;
				CLANG_WARN_DOCUMENTATION_COMMENTS = YES;
				CLANG_WARN_EMPTY_BODY = YES;
				CLANG_WARN_ENUM_CONVERSION = YES;
				CLANG_WARN_INFINITE_RECURSION = YES;
				CLANG_WARN_INT_CONVERSION = YES;
				CLANG_WARN_OBJC_ROOT_CLASS = YES_ERROR;
				CLANG_WARN_SUSPICIOUS_MOVES = YES;
				CLANG_WARN_UNREACHABLE_CODE = YES;
				CLANG_WARN__DUPLICATE_METHOD_MATCH = YES;
				"CODE_SIGN_IDENTITY[sdk=iphoneos*]" = "iPhone Developer";
				COPY_PHASE_STRIP = NO;
				DEBUG_INFORMATION_FORMAT = dwarf;
				ENABLE_STRICT_OBJC_MSGSEND = YES;
				ENABLE_TESTABILITY = YES;
				GCC_C_LANGUAGE_STANDARD = gnu99;
				GCC_DYNAMIC_NO_PIC = NO;
				GCC_NO_COMMON_BLOCKS = YES;
				GCC_OPTIMIZATION_LEVEL = 0;
				GCC_PREPROCESSOR_DEFINITIONS = (
					"DEBUG=1",
					"$(inherited)",
				);
				GCC_WARN_64_TO_32_BIT_CONVERSION = YES;
				GCC_WARN_ABOUT_RETURN_TYPE = YES_ERROR;
				GCC_WARN_UNDECLARED_SELECTOR = YES;
				GCC_WARN_UNINITIALIZED_AUTOS = YES_AGGRESSIVE;
				GCC_WARN_UNUSED_FUNCTION = YES;
				GCC_WARN_UNUSED_VARIABLE = YES;
				IPHONEOS_DEPLOYMENT_TARGET = 10.0;
				MTL_ENABLE_DEBUG_INFO = YES;
				ONLY_ACTIVE_ARCH = YES;
				SDKROOT = iphoneos;
				SWIFT_ACTIVE_COMPILATION_CONDITIONS = DEBUG;
				SWIFT_OPTIMIZATION_LEVEL = "-Onone";
			};
			name = Debug;
		};
		3D3355581DB6397000BC0946 /* Release */ = {
			isa = XCBuildConfiguration;
			buildSettings = {
				ALWAYS_SEARCH_USER_PATHS = NO;
				CLANG_ANALYZER_NONNULL = YES;
				CLANG_CXX_LANGUAGE_STANDARD = "gnu++0x";
				CLANG_CXX_LIBRARY = "libc++";
				CLANG_ENABLE_MODULES = YES;
				CLANG_ENABLE_OBJC_ARC = YES;
				CLANG_WARN_BOOL_CONVERSION = YES;
				CLANG_WARN_CONSTANT_CONVERSION = YES;
				CLANG_WARN_DIRECT_OBJC_ISA_USAGE = YES_ERROR;
				CLANG_WARN_DOCUMENTATION_COMMENTS = YES;
				CLANG_WARN_EMPTY_BODY = YES;
				CLANG_WARN_ENUM_CONVERSION = YES;
				CLANG_WARN_INFINITE_RECURSION = YES;
				CLANG_WARN_INT_CONVERSION = YES;
				CLANG_WARN_OBJC_ROOT_CLASS = YES_ERROR;
				CLANG_WARN_SUSPICIOUS_MOVES = YES;
				CLANG_WARN_UNREACHABLE_CODE = YES;
				CLANG_WARN__DUPLICATE_METHOD_MATCH = YES;
				"CODE_SIGN_IDENTITY[sdk=iphoneos*]" = "iPhone Developer";
				COPY_PHASE_STRIP = NO;
				DEBUG_INFORMATION_FORMAT = "dwarf-with-dsym";
				ENABLE_NS_ASSERTIONS = NO;
				ENABLE_STRICT_OBJC_MSGSEND = YES;
				GCC_C_LANGUAGE_STANDARD = gnu99;
				GCC_NO_COMMON_BLOCKS = YES;
				GCC_WARN_64_TO_32_BIT_CONVERSION = YES;
				GCC_WARN_ABOUT_RETURN_TYPE = YES_ERROR;
				GCC_WARN_UNDECLARED_SELECTOR = YES;
				GCC_WARN_UNINITIALIZED_AUTOS = YES_AGGRESSIVE;
				GCC_WARN_UNUSED_FUNCTION = YES;
				GCC_WARN_UNUSED_VARIABLE = YES;
				IPHONEOS_DEPLOYMENT_TARGET = 10.0;
				MTL_ENABLE_DEBUG_INFO = NO;
				SDKROOT = iphoneos;
				SWIFT_OPTIMIZATION_LEVEL = "-Owholemodule";
				VALIDATE_PRODUCT = YES;
			};
			name = Release;
		};
		3D33555A1DB6397000BC0946 /* Debug */ = {
			isa = XCBuildConfiguration;
			buildSettings = {
				ASSETCATALOG_COMPILER_APPICON_NAME = AppIcon;
				INFOPLIST_FILE = NotesData/Info.plist;
				LD_RUNPATH_SEARCH_PATHS = "$(inherited) @executable_path/Frameworks";
				PRODUCT_BUNDLE_IDENTIFIER = bondar.k.dev.NotesData;
				PRODUCT_NAME = "$(TARGET_NAME)";
				SWIFT_VERSION = 3.0;
			};
			name = Debug;
		};
		3D33555B1DB6397000BC0946 /* Release */ = {
			isa = XCBuildConfiguration;
			buildSettings = {
				ASSETCATALOG_COMPILER_APPICON_NAME = AppIcon;
				INFOPLIST_FILE = NotesData/Info.plist;
				LD_RUNPATH_SEARCH_PATHS = "$(inherited) @executable_path/Frameworks";
				PRODUCT_BUNDLE_IDENTIFIER = bondar.k.dev.NotesData;
				PRODUCT_NAME = "$(TARGET_NAME)";
				SWIFT_VERSION = 3.0;
			};
			name = Release;
		};
/* End XCBuildConfiguration section */

/* Begin XCConfigurationList section */
		3D33553F1DB6397000BC0946 /* Build configuration list for PBXProject "NotesData" */ = {
			isa = XCConfigurationList;
			buildConfigurations = (
				3D3355571DB6397000BC0946 /* Debug */,
				3D3355581DB6397000BC0946 /* Release */,
			);
			defaultConfigurationIsVisible = 0;
			defaultConfigurationName = Release;
		};
		3D3355591DB6397000BC0946 /* Build configuration list for PBXNativeTarget "NotesData" */ = {
			isa = XCConfigurationList;
			buildConfigurations = (
				3D33555A1DB6397000BC0946 /* Debug */,
				3D33555B1DB6397000BC0946 /* Release */,
			);
			defaultConfigurationIsVisible = 0;
			defaultConfigurationName = Release;
		};
/* End XCConfigurationList section */

/* Begin XCVersionGroup section */
		3D33554E1DB6397000BC0946 /* NotesData.xcdatamodeld */ = {
			isa = XCVersionGroup;
			children = (
				3D33554F1DB6397000BC0946 /* NotesData.xcdatamodel */,
			);
			currentVersion = 3D33554F1DB6397000BC0946 /* NotesData.xcdatamodel */;
			path = NotesData.xcdatamodeld;
			sourceTree = "<group>";
			versionGroupType = wrapper.xcdatamodel;
		};
/* End XCVersionGroup section */
	};
	rootObject = 3D33553C1DB6397000BC0946 /* Project object */;
}
